
Microsoft Visual Studio Solution File, Format Version 12.00
# Visual Studio Version 16
VisualStudioVersion = 16.0.29020.237
MinimumVisualStudioVersion = 10.0.40219.1
Project("{9A19103F-16F7-4668-BE54-9A1E7A4F7556}") = "StoreApp.Domain", "src\StoreApp.Domain\StoreApp.Domain.csproj", "{554AD327-6DBA-4F8F-96F8-81CE7A0C863F}"
EndProject
Project("{9A19103F-16F7-4668-BE54-9A1E7A4F7556}") = "ProductManagement.TestBase", "modules\ProductManagement\test\ProductManagement.TestBase\ProductManagement.TestBase.csproj", "{d07869ed-fcb5-4d42-bf63-24b27c185368}"
EndProject
Project("{9A19103F-16F7-4668-BE54-9A1E7A4F7556}") = "ProductManagement.HttpApi.Client.ConsoleTestApp", "modules\ProductManagement\test\ProductManagement.HttpApi.Client.ConsoleTestApp\ProductManagement.HttpApi.Client.ConsoleTestApp.csproj", "{2fcca984-a511-4825-80c7-e9c17b25701a}"
EndProject
Project("{9A19103F-16F7-4668-BE54-9A1E7A4F7556}") = "ProductManagement.EntityFrameworkCore.Tests", "modules\ProductManagement\test\ProductManagement.EntityFrameworkCore.Tests\ProductManagement.EntityFrameworkCore.Tests.csproj", "{6b84dfd6-3bb9-484b-a82a-8d894efb1788}"
EndProject
Project("{9A19103F-16F7-4668-BE54-9A1E7A4F7556}") = "ProductManagement.Domain.Tests", "modules\ProductManagement\test\ProductManagement.Domain.Tests\ProductManagement.Domain.Tests.csproj", "{1143c8b0-1944-4f02-92f4-22adc37a9815}"
EndProject
Project("{9A19103F-16F7-4668-BE54-9A1E7A4F7556}") = "ProductManagement.Application.Tests", "modules\ProductManagement\test\ProductManagement.Application.Tests\ProductManagement.Application.Tests.csproj", "{45c26667-83a1-4908-a404-4a03886ace84}"
EndProject
Project("{9A19103F-16F7-4668-BE54-9A1E7A4F7556}") = "ProductManagement.Web", "modules\ProductManagement\src\ProductManagement.Web\ProductManagement.Web.csproj", "{b79cda7c-ba67-49cf-a8f3-0d4dcb5f4174}"
EndProject
Project("{9A19103F-16F7-4668-BE54-9A1E7A4F7556}") = "ProductManagement.HttpApi.Client", "modules\ProductManagement\src\ProductManagement.HttpApi.Client\ProductManagement.HttpApi.Client.csproj", "{faebe486-cd2a-4176-bb6d-4985fb85c2a4}"
EndProject
Project("{9A19103F-16F7-4668-BE54-9A1E7A4F7556}") = "ProductManagement.HttpApi", "modules\ProductManagement\src\ProductManagement.HttpApi\ProductManagement.HttpApi.csproj", "{6bbf2079-40d7-401f-aa37-4b2ef6006985}"
EndProject
Project("{9A19103F-16F7-4668-BE54-9A1E7A4F7556}") = "ProductManagement.EntityFrameworkCore", "modules\ProductManagement\src\ProductManagement.EntityFrameworkCore\ProductManagement.EntityFrameworkCore.csproj", "{7bb3280d-5df1-4a5b-9d5b-b1704f1c8c06}"
EndProject
Project("{9A19103F-16F7-4668-BE54-9A1E7A4F7556}") = "ProductManagement.Domain.Shared", "modules\ProductManagement\src\ProductManagement.Domain.Shared\ProductManagement.Domain.Shared.csproj", "{e74b3520-1d93-473b-92b8-228c77bfcd19}"
EndProject
Project("{9A19103F-16F7-4668-BE54-9A1E7A4F7556}") = "ProductManagement.Domain", "modules\ProductManagement\src\ProductManagement.Domain\ProductManagement.Domain.csproj", "{1bc79e20-3dfc-4934-a518-2906c7c2254e}"
EndProject
Project("{9A19103F-16F7-4668-BE54-9A1E7A4F7556}") = "ProductManagement.Application.Contracts", "modules\ProductManagement\src\ProductManagement.Application.Contracts\ProductManagement.Application.Contracts.csproj", "{ee5738ab-7d09-4111-8561-5892d69b22a1}"
EndProject
Project("{9A19103F-16F7-4668-BE54-9A1E7A4F7556}") = "ProductManagement.Application", "modules\ProductManagement\src\ProductManagement.Application\ProductManagement.Application.csproj", "{36fc0e83-8589-467c-842d-f6899e62dd14}"
EndProject
Project("{2150E333-8FDC-42A3-9474-1A3956D46DE8}") = "ProductManagement.Tests", "ProductManagement.Tests", "{f62b1b90-2ef1-4123-b490-3a5d47f4a45b}"
EndProject
Project("{2150E333-8FDC-42A3-9474-1A3956D46DE8}") = "ProductManagement", "ProductManagement", "{5833e8b9-31e7-4635-90e2-6e9bc33abc1f}"
EndProject
Project("{2150E333-8FDC-42A3-9474-1A3956D46DE8}") = "modules", "modules", "{259e7a81-f69f-4a6a-b242-490b11d9a8bb}"
EndProject
Project("{9A19103F-16F7-4668-BE54-9A1E7A4F7556}") = "StoreApp.Application", "src\StoreApp.Application\StoreApp.Application.csproj", "{1A94A50E-06DC-43C1-80B5-B662820EC3EB}"
EndProject
Project("{9A19103F-16F7-4668-BE54-9A1E7A4F7556}") = "StoreApp.EntityFrameworkCore", "src\StoreApp.EntityFrameworkCore\StoreApp.EntityFrameworkCore.csproj", "{C956DD76-69C8-4A9C-83EA-D17DF83340FD}"
EndProject
Project("{9A19103F-16F7-4668-BE54-9A1E7A4F7556}") = "StoreApp.Web", "src\StoreApp.Web\StoreApp.Web.csproj", "{068855E8-9240-4F1A-910B-CF825794513B}"
EndProject
Project("{2150E333-8FDC-42A3-9474-1A3956D46DE8}") = "src", "src", "{CA9AC87F-097E-4F15-8393-4BC07735A5B0}"
EndProject
Project("{2150E333-8FDC-42A3-9474-1A3956D46DE8}") = "test", "test", "{04DBDB01-70F4-4E06-B468-8F87850B22BE}"
EndProject
Project("{9A19103F-16F7-4668-BE54-9A1E7A4F7556}") = "StoreApp.Application.Tests", "test\StoreApp.Application.Tests\StoreApp.Application.Tests.csproj", "{50B2631D-129C-47B3-A587-029CCD6099BC}"
EndProject
Project("{9A19103F-16F7-4668-BE54-9A1E7A4F7556}") = "StoreApp.Web.Tests", "test\StoreApp.Web.Tests\StoreApp.Web.Tests.csproj", "{5F1B28C6-8D0C-4155-92D0-252F7EA5F674}"
EndProject
Project("{9A19103F-16F7-4668-BE54-9A1E7A4F7556}") = "StoreApp.Domain.Shared", "src\StoreApp.Domain.Shared\StoreApp.Domain.Shared.csproj", "{42F719ED-8413-4895-B5B4-5AB56079BC66}"
EndProject
Project("{9A19103F-16F7-4668-BE54-9A1E7A4F7556}") = "StoreApp.Application.Contracts", "src\StoreApp.Application.Contracts\StoreApp.Application.Contracts.csproj", "{520659C8-C734-4298-A3DA-B539DB9DFC0B}"
EndProject
Project("{9A19103F-16F7-4668-BE54-9A1E7A4F7556}") = "StoreApp.HttpApi", "src\StoreApp.HttpApi\StoreApp.HttpApi.csproj", "{4164BDF7-F527-4E85-9CE6-E3C2D7426A27}"
EndProject
Project("{9A19103F-16F7-4668-BE54-9A1E7A4F7556}") = "StoreApp.HttpApi.Client", "src\StoreApp.HttpApi.Client\StoreApp.HttpApi.Client.csproj", "{3B5A0094-670D-4BB1-BFDD-61B88A8773DC}"
EndProject
Project("{9A19103F-16F7-4668-BE54-9A1E7A4F7556}") = "StoreApp.EntityFrameworkCore.Tests", "test\StoreApp.EntityFrameworkCore.Tests\StoreApp.EntityFrameworkCore.Tests.csproj", "{1FE30EB9-74A9-47F5-A9F6-7B1FAB672D81}"
EndProject
Project("{9A19103F-16F7-4668-BE54-9A1E7A4F7556}") = "StoreApp.TestBase", "test\StoreApp.TestBase\StoreApp.TestBase.csproj", "{91853F21-9CD9-4132-BC29-A7D5D84FFFE7}"
EndProject
Project("{9A19103F-16F7-4668-BE54-9A1E7A4F7556}") = "StoreApp.Domain.Tests", "test\StoreApp.Domain.Tests\StoreApp.Domain.Tests.csproj", "{E512F4D9-9375-480F-A2F6-A46509F9D824}"
EndProject
Project("{9A19103F-16F7-4668-BE54-9A1E7A4F7556}") = "StoreApp.HttpApi.Client.ConsoleTestApp", "test\StoreApp.HttpApi.Client.ConsoleTestApp\StoreApp.HttpApi.Client.ConsoleTestApp.csproj", "{EF480016-9127-4916-8735-D2466BDBC582}"
EndProject
Project("{9A19103F-16F7-4668-BE54-9A1E7A4F7556}") = "StoreApp.DbMigrator", "src\StoreApp.DbMigrator\StoreApp.DbMigrator.csproj", "{AA94D832-1CCC-4715-95A9-A483F23A1A5D}"
EndProject
Global
	GlobalSection(SolutionConfigurationPlatforms) = preSolution
		Debug|Any CPU = Debug|Any CPU
		Release|Any CPU = Release|Any CPU
	EndGlobalSection
	GlobalSection(ProjectConfigurationPlatforms) = postSolution
		{d07869ed-fcb5-4d42-bf63-24b27c185368}.Debug|Any CPU.ActiveCfg = Debug|Any CPU
		{d07869ed-fcb5-4d42-bf63-24b27c185368}.Debug|Any CPU.Build.0 = Debug|Any CPU
		{d07869ed-fcb5-4d42-bf63-24b27c185368}.Release|Any CPU.ActiveCfg = Release|Any CPU
		{d07869ed-fcb5-4d42-bf63-24b27c185368}.Release|Any CPU.Build.0 = Release|Any CPU
		{2fcca984-a511-4825-80c7-e9c17b25701a}.Debug|Any CPU.ActiveCfg = Debug|Any CPU
		{2fcca984-a511-4825-80c7-e9c17b25701a}.Debug|Any CPU.Build.0 = Debug|Any CPU
		{2fcca984-a511-4825-80c7-e9c17b25701a}.Release|Any CPU.ActiveCfg = Release|Any CPU
		{2fcca984-a511-4825-80c7-e9c17b25701a}.Release|Any CPU.Build.0 = Release|Any CPU
		{6b84dfd6-3bb9-484b-a82a-8d894efb1788}.Debug|Any CPU.ActiveCfg = Debug|Any CPU
		{6b84dfd6-3bb9-484b-a82a-8d894efb1788}.Debug|Any CPU.Build.0 = Debug|Any CPU
		{6b84dfd6-3bb9-484b-a82a-8d894efb1788}.Release|Any CPU.ActiveCfg = Release|Any CPU
		{6b84dfd6-3bb9-484b-a82a-8d894efb1788}.Release|Any CPU.Build.0 = Release|Any CPU
		{1143c8b0-1944-4f02-92f4-22adc37a9815}.Debug|Any CPU.ActiveCfg = Debug|Any CPU
		{1143c8b0-1944-4f02-92f4-22adc37a9815}.Debug|Any CPU.Build.0 = Debug|Any CPU
		{1143c8b0-1944-4f02-92f4-22adc37a9815}.Release|Any CPU.ActiveCfg = Release|Any CPU
		{1143c8b0-1944-4f02-92f4-22adc37a9815}.Release|Any CPU.Build.0 = Release|Any CPU
		{45c26667-83a1-4908-a404-4a03886ace84}.Debug|Any CPU.ActiveCfg = Debug|Any CPU
		{45c26667-83a1-4908-a404-4a03886ace84}.Debug|Any CPU.Build.0 = Debug|Any CPU
		{45c26667-83a1-4908-a404-4a03886ace84}.Release|Any CPU.ActiveCfg = Release|Any CPU
		{45c26667-83a1-4908-a404-4a03886ace84}.Release|Any CPU.Build.0 = Release|Any CPU
		{b79cda7c-ba67-49cf-a8f3-0d4dcb5f4174}.Debug|Any CPU.ActiveCfg = Debug|Any CPU
		{b79cda7c-ba67-49cf-a8f3-0d4dcb5f4174}.Debug|Any CPU.Build.0 = Debug|Any CPU
		{b79cda7c-ba67-49cf-a8f3-0d4dcb5f4174}.Release|Any CPU.ActiveCfg = Release|Any CPU
		{b79cda7c-ba67-49cf-a8f3-0d4dcb5f4174}.Release|Any CPU.Build.0 = Release|Any CPU
		{faebe486-cd2a-4176-bb6d-4985fb85c2a4}.Debug|Any CPU.ActiveCfg = Debug|Any CPU
		{faebe486-cd2a-4176-bb6d-4985fb85c2a4}.Debug|Any CPU.Build.0 = Debug|Any CPU
		{faebe486-cd2a-4176-bb6d-4985fb85c2a4}.Release|Any CPU.ActiveCfg = Release|Any CPU
		{faebe486-cd2a-4176-bb6d-4985fb85c2a4}.Release|Any CPU.Build.0 = Release|Any CPU
		{6bbf2079-40d7-401f-aa37-4b2ef6006985}.Debug|Any CPU.ActiveCfg = Debug|Any CPU
		{6bbf2079-40d7-401f-aa37-4b2ef6006985}.Debug|Any CPU.Build.0 = Debug|Any CPU
		{6bbf2079-40d7-401f-aa37-4b2ef6006985}.Release|Any CPU.ActiveCfg = Release|Any CPU
		{6bbf2079-40d7-401f-aa37-4b2ef6006985}.Release|Any CPU.Build.0 = Release|Any CPU
		{7bb3280d-5df1-4a5b-9d5b-b1704f1c8c06}.Debug|Any CPU.ActiveCfg = Debug|Any CPU
		{7bb3280d-5df1-4a5b-9d5b-b1704f1c8c06}.Debug|Any CPU.Build.0 = Debug|Any CPU
		{7bb3280d-5df1-4a5b-9d5b-b1704f1c8c06}.Release|Any CPU.ActiveCfg = Release|Any CPU
		{7bb3280d-5df1-4a5b-9d5b-b1704f1c8c06}.Release|Any CPU.Build.0 = Release|Any CPU
		{e74b3520-1d93-473b-92b8-228c77bfcd19}.Debug|Any CPU.ActiveCfg = Debug|Any CPU
		{e74b3520-1d93-473b-92b8-228c77bfcd19}.Debug|Any CPU.Build.0 = Debug|Any CPU
		{e74b3520-1d93-473b-92b8-228c77bfcd19}.Release|Any CPU.ActiveCfg = Release|Any CPU
		{e74b3520-1d93-473b-92b8-228c77bfcd19}.Release|Any CPU.Build.0 = Release|Any CPU
		{1bc79e20-3dfc-4934-a518-2906c7c2254e}.Debug|Any CPU.ActiveCfg = Debug|Any CPU
		{1bc79e20-3dfc-4934-a518-2906c7c2254e}.Debug|Any CPU.Build.0 = Debug|Any CPU
		{1bc79e20-3dfc-4934-a518-2906c7c2254e}.Release|Any CPU.ActiveCfg = Release|Any CPU
		{1bc79e20-3dfc-4934-a518-2906c7c2254e}.Release|Any CPU.Build.0 = Release|Any CPU
		{ee5738ab-7d09-4111-8561-5892d69b22a1}.Debug|Any CPU.ActiveCfg = Debug|Any CPU
		{ee5738ab-7d09-4111-8561-5892d69b22a1}.Debug|Any CPU.Build.0 = Debug|Any CPU
		{ee5738ab-7d09-4111-8561-5892d69b22a1}.Release|Any CPU.ActiveCfg = Release|Any CPU
		{ee5738ab-7d09-4111-8561-5892d69b22a1}.Release|Any CPU.Build.0 = Release|Any CPU
		{36fc0e83-8589-467c-842d-f6899e62dd14}.Debug|Any CPU.ActiveCfg = Debug|Any CPU
		{36fc0e83-8589-467c-842d-f6899e62dd14}.Debug|Any CPU.Build.0 = Debug|Any CPU
		{36fc0e83-8589-467c-842d-f6899e62dd14}.Release|Any CPU.ActiveCfg = Release|Any CPU
		{36fc0e83-8589-467c-842d-f6899e62dd14}.Release|Any CPU.Build.0 = Release|Any CPU
		{554AD327-6DBA-4F8F-96F8-81CE7A0C863F}.Debug|Any CPU.ActiveCfg = Debug|Any CPU
		{554AD327-6DBA-4F8F-96F8-81CE7A0C863F}.Debug|Any CPU.Build.0 = Debug|Any CPU
		{554AD327-6DBA-4F8F-96F8-81CE7A0C863F}.Release|Any CPU.ActiveCfg = Release|Any CPU
		{554AD327-6DBA-4F8F-96F8-81CE7A0C863F}.Release|Any CPU.Build.0 = Release|Any CPU
		{1A94A50E-06DC-43C1-80B5-B662820EC3EB}.Debug|Any CPU.ActiveCfg = Debug|Any CPU
		{1A94A50E-06DC-43C1-80B5-B662820EC3EB}.Debug|Any CPU.Build.0 = Debug|Any CPU
		{1A94A50E-06DC-43C1-80B5-B662820EC3EB}.Release|Any CPU.ActiveCfg = Release|Any CPU
		{1A94A50E-06DC-43C1-80B5-B662820EC3EB}.Release|Any CPU.Build.0 = Release|Any CPU
		{C956DD76-69C8-4A9C-83EA-D17DF83340FD}.Debug|Any CPU.ActiveCfg = Debug|Any CPU
		{C956DD76-69C8-4A9C-83EA-D17DF83340FD}.Debug|Any CPU.Build.0 = Debug|Any CPU
		{C956DD76-69C8-4A9C-83EA-D17DF83340FD}.Release|Any CPU.ActiveCfg = Release|Any CPU
		{C956DD76-69C8-4A9C-83EA-D17DF83340FD}.Release|Any CPU.Build.0 = Release|Any CPU
		{068855E8-9240-4F1A-910B-CF825794513B}.Debug|Any CPU.ActiveCfg = Debug|Any CPU
		{068855E8-9240-4F1A-910B-CF825794513B}.Debug|Any CPU.Build.0 = Debug|Any CPU
		{068855E8-9240-4F1A-910B-CF825794513B}.Release|Any CPU.ActiveCfg = Release|Any CPU
		{068855E8-9240-4F1A-910B-CF825794513B}.Release|Any CPU.Build.0 = Release|Any CPU
		{50B2631D-129C-47B3-A587-029CCD6099BC}.Debug|Any CPU.ActiveCfg = Debug|Any CPU
		{50B2631D-129C-47B3-A587-029CCD6099BC}.Debug|Any CPU.Build.0 = Debug|Any CPU
		{50B2631D-129C-47B3-A587-029CCD6099BC}.Release|Any CPU.ActiveCfg = Release|Any CPU
		{50B2631D-129C-47B3-A587-029CCD6099BC}.Release|Any CPU.Build.0 = Release|Any CPU
		{5F1B28C6-8D0C-4155-92D0-252F7EA5F674}.Debug|Any CPU.ActiveCfg = Debug|Any CPU
		{5F1B28C6-8D0C-4155-92D0-252F7EA5F674}.Debug|Any CPU.Build.0 = Debug|Any CPU
		{5F1B28C6-8D0C-4155-92D0-252F7EA5F674}.Release|Any CPU.ActiveCfg = Release|Any CPU
		{5F1B28C6-8D0C-4155-92D0-252F7EA5F674}.Release|Any CPU.Build.0 = Release|Any CPU
		{42F719ED-8413-4895-B5B4-5AB56079BC66}.Debug|Any CPU.ActiveCfg = Debug|Any CPU
		{42F719ED-8413-4895-B5B4-5AB56079BC66}.Debug|Any CPU.Build.0 = Debug|Any CPU
		{42F719ED-8413-4895-B5B4-5AB56079BC66}.Release|Any CPU.ActiveCfg = Release|Any CPU
		{42F719ED-8413-4895-B5B4-5AB56079BC66}.Release|Any CPU.Build.0 = Release|Any CPU
		{520659C8-C734-4298-A3DA-B539DB9DFC0B}.Debug|Any CPU.ActiveCfg = Debug|Any CPU
		{520659C8-C734-4298-A3DA-B539DB9DFC0B}.Debug|Any CPU.Build.0 = Debug|Any CPU
		{520659C8-C734-4298-A3DA-B539DB9DFC0B}.Release|Any CPU.ActiveCfg = Release|Any CPU
		{520659C8-C734-4298-A3DA-B539DB9DFC0B}.Release|Any CPU.Build.0 = Release|Any CPU
		{4164BDF7-F527-4E85-9CE6-E3C2D7426A27}.Debug|Any CPU.ActiveCfg = Debug|Any CPU
		{4164BDF7-F527-4E85-9CE6-E3C2D7426A27}.Debug|Any CPU.Build.0 = Debug|Any CPU
		{4164BDF7-F527-4E85-9CE6-E3C2D7426A27}.Release|Any CPU.ActiveCfg = Release|Any CPU
		{4164BDF7-F527-4E85-9CE6-E3C2D7426A27}.Release|Any CPU.Build.0 = Release|Any CPU
		{3B5A0094-670D-4BB1-BFDD-61B88A8773DC}.Debug|Any CPU.ActiveCfg = Debug|Any CPU
		{3B5A0094-670D-4BB1-BFDD-61B88A8773DC}.Debug|Any CPU.Build.0 = Debug|Any CPU
		{3B5A0094-670D-4BB1-BFDD-61B88A8773DC}.Release|Any CPU.ActiveCfg = Release|Any CPU
		{3B5A0094-670D-4BB1-BFDD-61B88A8773DC}.Release|Any CPU.Build.0 = Release|Any CPU
		{1FE30EB9-74A9-47F5-A9F6-7B1FAB672D81}.Debug|Any CPU.ActiveCfg = Debug|Any CPU
		{1FE30EB9-74A9-47F5-A9F6-7B1FAB672D81}.Debug|Any CPU.Build.0 = Debug|Any CPU
		{1FE30EB9-74A9-47F5-A9F6-7B1FAB672D81}.Release|Any CPU.ActiveCfg = Release|Any CPU
		{1FE30EB9-74A9-47F5-A9F6-7B1FAB672D81}.Release|Any CPU.Build.0 = Release|Any CPU
		{91853F21-9CD9-4132-BC29-A7D5D84FFFE7}.Debug|Any CPU.ActiveCfg = Debug|Any CPU
		{91853F21-9CD9-4132-BC29-A7D5D84FFFE7}.Debug|Any CPU.Build.0 = Debug|Any CPU
		{91853F21-9CD9-4132-BC29-A7D5D84FFFE7}.Release|Any CPU.ActiveCfg = Release|Any CPU
		{91853F21-9CD9-4132-BC29-A7D5D84FFFE7}.Release|Any CPU.Build.0 = Release|Any CPU
		{E512F4D9-9375-480F-A2F6-A46509F9D824}.Debug|Any CPU.ActiveCfg = Debug|Any CPU
		{E512F4D9-9375-480F-A2F6-A46509F9D824}.Debug|Any CPU.Build.0 = Debug|Any CPU
		{E512F4D9-9375-480F-A2F6-A46509F9D824}.Release|Any CPU.ActiveCfg = Release|Any CPU
		{E512F4D9-9375-480F-A2F6-A46509F9D824}.Release|Any CPU.Build.0 = Release|Any CPU
		{EF480016-9127-4916-8735-D2466BDBC582}.Debug|Any CPU.ActiveCfg = Debug|Any CPU
		{EF480016-9127-4916-8735-D2466BDBC582}.Debug|Any CPU.Build.0 = Debug|Any CPU
		{EF480016-9127-4916-8735-D2466BDBC582}.Release|Any CPU.ActiveCfg = Release|Any CPU
		{EF480016-9127-4916-8735-D2466BDBC582}.Release|Any CPU.Build.0 = Release|Any CPU
		{AA94D832-1CCC-4715-95A9-A483F23A1A5D}.Debug|Any CPU.ActiveCfg = Debug|Any CPU
		{AA94D832-1CCC-4715-95A9-A483F23A1A5D}.Debug|Any CPU.Build.0 = Debug|Any CPU
		{AA94D832-1CCC-4715-95A9-A483F23A1A5D}.Release|Any CPU.ActiveCfg = Release|Any CPU
		{AA94D832-1CCC-4715-95A9-A483F23A1A5D}.Release|Any CPU.Build.0 = Release|Any CPU
	EndGlobalSection
	GlobalSection(SolutionProperties) = preSolution
		HideSolutionNode = FALSE
	EndGlobalSection
	GlobalSection(NestedProjects) = preSolution
		{d07869ed-fcb5-4d42-bf63-24b27c185368} = {f62b1b90-2ef1-4123-b490-3a5d47f4a45b}
		{2fcca984-a511-4825-80c7-e9c17b25701a} = {f62b1b90-2ef1-4123-b490-3a5d47f4a45b}
		{6b84dfd6-3bb9-484b-a82a-8d894efb1788} = {f62b1b90-2ef1-4123-b490-3a5d47f4a45b}
		{1143c8b0-1944-4f02-92f4-22adc37a9815} = {f62b1b90-2ef1-4123-b490-3a5d47f4a45b}
		{45c26667-83a1-4908-a404-4a03886ace84} = {f62b1b90-2ef1-4123-b490-3a5d47f4a45b}
		{b79cda7c-ba67-49cf-a8f3-0d4dcb5f4174} = {5833e8b9-31e7-4635-90e2-6e9bc33abc1f}
		{faebe486-cd2a-4176-bb6d-4985fb85c2a4} = {5833e8b9-31e7-4635-90e2-6e9bc33abc1f}
		{6bbf2079-40d7-401f-aa37-4b2ef6006985} = {5833e8b9-31e7-4635-90e2-6e9bc33abc1f}
		{7bb3280d-5df1-4a5b-9d5b-b1704f1c8c06} = {5833e8b9-31e7-4635-90e2-6e9bc33abc1f}
		{e74b3520-1d93-473b-92b8-228c77bfcd19} = {5833e8b9-31e7-4635-90e2-6e9bc33abc1f}
		{1bc79e20-3dfc-4934-a518-2906c7c2254e} = {5833e8b9-31e7-4635-90e2-6e9bc33abc1f}
		{ee5738ab-7d09-4111-8561-5892d69b22a1} = {5833e8b9-31e7-4635-90e2-6e9bc33abc1f}
		{36fc0e83-8589-467c-842d-f6899e62dd14} = {5833e8b9-31e7-4635-90e2-6e9bc33abc1f}
		{f62b1b90-2ef1-4123-b490-3a5d47f4a45b} = {04DBDB01-70F4-4E06-B468-8F87850B22BE}
		{5833e8b9-31e7-4635-90e2-6e9bc33abc1f} = {259e7a81-f69f-4a6a-b242-490b11d9a8bb}
		{554AD327-6DBA-4F8F-96F8-81CE7A0C863F} = {CA9AC87F-097E-4F15-8393-4BC07735A5B0}
		{1A94A50E-06DC-43C1-80B5-B662820EC3EB} = {CA9AC87F-097E-4F15-8393-4BC07735A5B0}
		{C956DD76-69C8-4A9C-83EA-D17DF83340FD} = {CA9AC87F-097E-4F15-8393-4BC07735A5B0}
		{068855E8-9240-4F1A-910B-CF825794513B} = {CA9AC87F-097E-4F15-8393-4BC07735A5B0}
		{50B2631D-129C-47B3-A587-029CCD6099BC} = {04DBDB01-70F4-4E06-B468-8F87850B22BE}
		{5F1B28C6-8D0C-4155-92D0-252F7EA5F674} = {04DBDB01-70F4-4E06-B468-8F87850B22BE}
		{42F719ED-8413-4895-B5B4-5AB56079BC66} = {CA9AC87F-097E-4F15-8393-4BC07735A5B0}
		{520659C8-C734-4298-A3DA-B539DB9DFC0B} = {CA9AC87F-097E-4F15-8393-4BC07735A5B0}
		{4164BDF7-F527-4E85-9CE6-E3C2D7426A27} = {CA9AC87F-097E-4F15-8393-4BC07735A5B0}
		{3B5A0094-670D-4BB1-BFDD-61B88A8773DC} = {CA9AC87F-097E-4F15-8393-4BC07735A5B0}
		{1FE30EB9-74A9-47F5-A9F6-7B1FAB672D81} = {04DBDB01-70F4-4E06-B468-8F87850B22BE}
		{91853F21-9CD9-4132-BC29-A7D5D84FFFE7} = {04DBDB01-70F4-4E06-B468-8F87850B22BE}
		{E512F4D9-9375-480F-A2F6-A46509F9D824} = {04DBDB01-70F4-4E06-B468-8F87850B22BE}
		{EF480016-9127-4916-8735-D2466BDBC582} = {04DBDB01-70F4-4E06-B468-8F87850B22BE}
		{AA94D832-1CCC-4715-95A9-A483F23A1A5D} = {CA9AC87F-097E-4F15-8393-4BC07735A5B0}
	EndGlobalSection
	GlobalSection(ExtensibilityGlobals) = postSolution
		SolutionGuid = {28315BFD-90E7-4E14-A2EA-F3D23AF4126F}
	EndGlobalSection
EndGlobal
